
Microsoft Visual Studio Solution File, Format Version 12.00
# Visual Studio Version 17
VisualStudioVersion = 17.13.35931.197 d17.13
MinimumVisualStudioVersion = 10.0.40219.1
Project("{FAE04EC0-301F-11D3-BF4B-00C04F79EFBC}") = "dem_26", "dem_26\dem_26.csproj", "{8B76A4D7-998B-4C7D-B834-504C2DE27864}"
EndProject
Global
	GlobalSection(SolutionConfigurationPlatforms) = preSolution
		Debug|Any CPU = Debug|Any CPU
		Release|Any CPU = Release|Any CPU
	EndGlobalSection
	GlobalSection(ProjectConfigurationPlatforms) = postSolution
		{8B76A4D7-998B-4C7D-B834-504C2DE27864}.Debug|Any CPU.ActiveCfg = Debug|Any CPU
		{8B76A4D7-998B-4C7D-B834-504C2DE27864}.Debug|Any CPU.Build.0 = Debug|Any CPU
		{8B76A4D7-998B-4C7D-B834-504C2DE27864}.Release|Any CPU.ActiveCfg = Release|Any CPU
		{8B76A4D7-998B-4C7D-B834-504C2DE27864}.Release|Any CPU.Build.0 = Release|Any CPU
	EndGlobalSection
	GlobalSection(SolutionProperties) = preSolution
		HideSolutionNode = FALSE
	EndGlobalSection
	GlobalSection(ExtensibilityGlobals) = postSolution
		SolutionGuid = {411AC9A9-3F20-4072-8C65-2B80A974AB0A}
	EndGlobalSection
EndGlobal
